
Microsoft Visual Studio Solution File, Format Version 12.00
# Visual Studio Version 17
VisualStudioVersion = 17.11.35222.181
MinimumVisualStudioVersion = 10.0.40219.1
Project("{FAE04EC0-301F-11D3-BF4B-00C04F79EFBC}") = "firsttaskconfmanag", "firsttaskconfmanag\firsttaskconfmanag.csproj", "{A41684E4-090E-4973-AA13-C069E61B9513}"
EndProject
Global
	GlobalSection(SolutionConfigurationPlatforms) = preSolution
		Debug|Any CPU = Debug|Any CPU
		Release|Any CPU = Release|Any CPU
	EndGlobalSection
	GlobalSection(ProjectConfigurationPlatforms) = postSolution
		{A41684E4-090E-4973-AA13-C069E61B9513}.Debug|Any CPU.ActiveCfg = Debug|Any CPU
		{A41684E4-090E-4973-AA13-C069E61B9513}.Debug|Any CPU.Build.0 = Debug|Any CPU
		{A41684E4-090E-4973-AA13-C069E61B9513}.Release|Any CPU.ActiveCfg = Release|Any CPU
		{A41684E4-090E-4973-AA13-C069E61B9513}.Release|Any CPU.Build.0 = Release|Any CPU
	EndGlobalSection
	GlobalSection(SolutionProperties) = preSolution
		HideSolutionNode = FALSE
	EndGlobalSection
	GlobalSection(ExtensibilityGlobals) = postSolution
		SolutionGuid = {C581DF37-4189-4F3E-B6E1-07CCA98F9B82}
	EndGlobalSection
EndGlobal
